
Microsoft Visual Studio Solution File, Format Version 12.00
# Visual Studio Version 16
VisualStudioVersion = 16.0.29215.179
MinimumVisualStudioVersion = 10.0.40219.1
Project("{FAE04EC0-301F-11D3-BF4B-00C04F79EFBC}") = "TP_DSCCR", "TP_DSCCR\TP_DSCCR.csproj", "{EA76B034-288C-4F5E-84C2-490922126040}"
EndProject
Global
	GlobalSection(SolutionConfigurationPlatforms) = preSolution
		Debug|Any CPU = Debug|Any CPU
		Release|Any CPU = Release|Any CPU
	EndGlobalSection
	GlobalSection(ProjectConfigurationPlatforms) = postSolution
		{EA76B034-288C-4F5E-84C2-490922126040}.Debug|Any CPU.ActiveCfg = Debug|Any CPU
		{EA76B034-288C-4F5E-84C2-490922126040}.Debug|Any CPU.Build.0 = Debug|Any CPU
		{EA76B034-288C-4F5E-84C2-490922126040}.Release|Any CPU.ActiveCfg = Release|Any CPU
		{EA76B034-288C-4F5E-84C2-490922126040}.Release|Any CPU.Build.0 = Release|Any CPU
	EndGlobalSection
	GlobalSection(SolutionProperties) = preSolution
		HideSolutionNode = FALSE
	EndGlobalSection
	GlobalSection(ExtensibilityGlobals) = postSolution
		EnterpriseLibraryConfigurationToolBinariesPathV6 = packages\EnterpriseLibrary.Common.6.0.1304.0\lib\NET45;packages\EnterpriseLibrary.Data.6.0.1304.0\lib\NET45
		SolutionGuid = {001A68CD-5D06-4BB9-B309-9600195AAAEC}
	EndGlobalSection
EndGlobal
